
Microsoft Visual Studio Solution File, Format Version 12.00
# Visual Studio Version 16
VisualStudioVersion = 16.0.31205.134
MinimumVisualStudioVersion = 10.0.40219.1
Project("{FAE04EC0-301F-11D3-BF4B-00C04F79EFBC}") = "AppWebNeo", "AppWebNeo\AppWebNeo.csproj", "{277D7AF7-B60A-4D41-B7A5-C630D1CE3457}"
EndProject
Global
	GlobalSection(SolutionConfigurationPlatforms) = preSolution
		Debug|Any CPU = Debug|Any CPU
		Release|Any CPU = Release|Any CPU
	EndGlobalSection
	GlobalSection(ProjectConfigurationPlatforms) = postSolution
		{277D7AF7-B60A-4D41-B7A5-C630D1CE3457}.Debug|Any CPU.ActiveCfg = Debug|Any CPU
		{277D7AF7-B60A-4D41-B7A5-C630D1CE3457}.Debug|Any CPU.Build.0 = Debug|Any CPU
		{277D7AF7-B60A-4D41-B7A5-C630D1CE3457}.Release|Any CPU.ActiveCfg = Release|Any CPU
		{277D7AF7-B60A-4D41-B7A5-C630D1CE3457}.Release|Any CPU.Build.0 = Release|Any CPU
	EndGlobalSection
	GlobalSection(SolutionProperties) = preSolution
		HideSolutionNode = FALSE
	EndGlobalSection
	GlobalSection(ExtensibilityGlobals) = postSolution
		SolutionGuid = {CDED3D83-53D0-498A-9E4F-8B7DD2E37879}
	EndGlobalSection
EndGlobal
